// !$*UTF8*$!
{
	archiveVersion = 1;
	classes = {
	};
	objectVersion = 50;
	objects = {

/* Begin PBXBuildFile section */
		3AC469BA5E756ABA731B9C57 /* Pods_UITEXTFIELDSTests.framework in Frameworks */ = {isa = PBXBuildFile; fileRef = D7E4E3DD5E3EB7519E88784C /* Pods_UITEXTFIELDSTests.framework */; };
		833BF7F72345EE90001A8315 /* AppDelegate.swift in Sources */ = {isa = PBXBuildFile; fileRef = 833BF7F62345EE90001A8315 /* AppDelegate.swift */; };
		833BF7F92345EE90001A8315 /* ViewController.swift in Sources */ = {isa = PBXBuildFile; fileRef = 833BF7F82345EE90001A8315 /* ViewController.swift */; };
		833BF7FC2345EE90001A8315 /* Main.storyboard in Resources */ = {isa = PBXBuildFile; fileRef = 833BF7FA2345EE90001A8315 /* Main.storyboard */; };
		833BF7FE2345EE95001A8315 /* Assets.xcassets in Resources */ = {isa = PBXBuildFile; fileRef = 833BF7FD2345EE95001A8315 /* Assets.xcassets */; };
		833BF8012345EE95001A8315 /* LaunchScreen.storyboard in Resources */ = {isa = PBXBuildFile; fileRef = 833BF7FF2345EE95001A8315 /* LaunchScreen.storyboard */; };
		833BF80C2345EE95001A8315 /* UITEXTFIELDSTests.swift in Sources */ = {isa = PBXBuildFile; fileRef = 833BF80B2345EE95001A8315 /* UITEXTFIELDSTests.swift */; };
		833BF8172345EE95001A8315 /* UITEXTFIELDSUITests.swift in Sources */ = {isa = PBXBuildFile; fileRef = 833BF8162345EE95001A8315 /* UITEXTFIELDSUITests.swift */; };
		8D795D5A5F889845E2E3F845 /* Pods_UITEXTFIELDS.framework in Frameworks */ = {isa = PBXBuildFile; fileRef = 9C244A14607BBEF934241587 /* Pods_UITEXTFIELDS.framework */; };
		DC628ACB1F76DBE2F45D2805 /* Pods_UITEXTFIELDSUITests.framework in Frameworks */ = {isa = PBXBuildFile; fileRef = B4899FA53C56CDCEA616D078 /* Pods_UITEXTFIELDSUITests.framework */; };
/* End PBXBuildFile section */

/* Begin PBXContainerItemProxy section */
		833BF8082345EE95001A8315 /* PBXContainerItemProxy */ = {
			isa = PBXContainerItemProxy;
			containerPortal = 833BF7EB2345EE8F001A8315 /* Project object */;
			proxyType = 1;
			remoteGlobalIDString = 833BF7F22345EE90001A8315;
			remoteInfo = UITEXTFIELDS;
		};
		833BF8132345EE95001A8315 /* PBXContainerItemProxy */ = {
			isa = PBXContainerItemProxy;
			containerPortal = 833BF7EB2345EE8F001A8315 /* Project object */;
			proxyType = 1;
			remoteGlobalIDString = 833BF7F22345EE90001A8315;
			remoteInfo = UITEXTFIELDS;
		};
/* End PBXContainerItemProxy section */

/* Begin PBXFileReference section */
		08AAEA2E67E67B00765C65E6 /* Pods-UITEXTFIELDSUITests.release.xcconfig */ = {isa = PBXFileReference; includeInIndex = 1; lastKnownFileType = text.xcconfig; name = "Pods-UITEXTFIELDSUITests.release.xcconfig"; path = "Pods/Target Support Files/Pods-UITEXTFIELDSUITests/Pods-UITEXTFIELDSUITests.release.xcconfig"; sourceTree = "<group>"; };
		1453A89528F3500780916937 /* Pods-UITEXTFIELDSUITests.debug.xcconfig */ = {isa = PBXFileReference; includeInIndex = 1; lastKnownFileType = text.xcconfig; name = "Pods-UITEXTFIELDSUITests.debug.xcconfig"; path = "Pods/Target Support Files/Pods-UITEXTFIELDSUITests/Pods-UITEXTFIELDSUITests.debug.xcconfig"; sourceTree = "<group>"; };
		1FE5C910FF19541682F98BCE /* Pods-UITEXTFIELDS.debug.xcconfig */ = {isa = PBXFileReference; includeInIndex = 1; lastKnownFileType = text.xcconfig; name = "Pods-UITEXTFIELDS.debug.xcconfig"; path = "Pods/Target Support Files/Pods-UITEXTFIELDS/Pods-UITEXTFIELDS.debug.xcconfig"; sourceTree = "<group>"; };
		60729953E36A027242514CAE /* Pods-UITEXTFIELDSTests.release.xcconfig */ = {isa = PBXFileReference; includeInIndex = 1; lastKnownFileType = text.xcconfig; name = "Pods-UITEXTFIELDSTests.release.xcconfig"; path = "Pods/Target Support Files/Pods-UITEXTFIELDSTests/Pods-UITEXTFIELDSTests.release.xcconfig"; sourceTree = "<group>"; };
		833BF7F32345EE90001A8315 /* UITEXTFIELDS.app */ = {isa = PBXFileReference; explicitFileType = wrapper.application; includeInIndex = 0; path = UITEXTFIELDS.app; sourceTree = BUILT_PRODUCTS_DIR; };
		833BF7F62345EE90001A8315 /* AppDelegate.swift */ = {isa = PBXFileReference; lastKnownFileType = sourcecode.swift; path = AppDelegate.swift; sourceTree = "<group>"; };
		833BF7F82345EE90001A8315 /* ViewController.swift */ = {isa = PBXFileReference; lastKnownFileType = sourcecode.swift; path = ViewController.swift; sourceTree = "<group>"; };
		833BF7FB2345EE90001A8315 /* Base */ = {isa = PBXFileReference; lastKnownFileType = file.storyboard; name = Base; path = Base.lproj/Main.storyboard; sourceTree = "<group>"; };
		833BF7FD2345EE95001A8315 /* Assets.xcassets */ = {isa = PBXFileReference; lastKnownFileType = folder.assetcatalog; path = Assets.xcassets; sourceTree = "<group>"; };
		833BF8002345EE95001A8315 /* Base */ = {isa = PBXFileReference; lastKnownFileType = file.storyboard; name = Base; path = Base.lproj/LaunchScreen.storyboard; sourceTree = "<group>"; };
		833BF8022345EE95001A8315 /* Info.plist */ = {isa = PBXFileReference; lastKnownFileType = text.plist.xml; path = Info.plist; sourceTree = "<group>"; };
		833BF8072345EE95001A8315 /* UITEXTFIELDSTests.xctest */ = {isa = PBXFileReference; explicitFileType = wrapper.cfbundle; includeInIndex = 0; path = UITEXTFIELDSTests.xctest; sourceTree = BUILT_PRODUCTS_DIR; };
		833BF80B2345EE95001A8315 /* UITEXTFIELDSTests.swift */ = {isa = PBXFileReference; lastKnownFileType = sourcecode.swift; path = UITEXTFIELDSTests.swift; sourceTree = "<group>"; };
		833BF80D2345EE95001A8315 /* Info.plist */ = {isa = PBXFileReference; lastKnownFileType = text.plist.xml; path = Info.plist; sourceTree = "<group>"; };
		833BF8122345EE95001A8315 /* UITEXTFIELDSUITests.xctest */ = {isa = PBXFileReference; explicitFileType = wrapper.cfbundle; includeInIndex = 0; path = UITEXTFIELDSUITests.xctest; sourceTree = BUILT_PRODUCTS_DIR; };
		833BF8162345EE95001A8315 /* UITEXTFIELDSUITests.swift */ = {isa = PBXFileReference; lastKnownFileType = sourcecode.swift; path = UITEXTFIELDSUITests.swift; sourceTree = "<group>"; };
		833BF8182345EE95001A8315 /* Info.plist */ = {isa = PBXFileReference; lastKnownFileType = text.plist.xml; path = Info.plist; sourceTree = "<group>"; };
		9C244A14607BBEF934241587 /* Pods_UITEXTFIELDS.framework */ = {isa = PBXFileReference; explicitFileType = wrapper.framework; includeInIndex = 0; path = Pods_UITEXTFIELDS.framework; sourceTree = BUILT_PRODUCTS_DIR; };
		A8754F1FEBFC2A724F20C869 /* Pods-UITEXTFIELDS.release.xcconfig */ = {isa = PBXFileReference; includeInIndex = 1; lastKnownFileType = text.xcconfig; name = "Pods-UITEXTFIELDS.release.xcconfig"; path = "Pods/Target Support Files/Pods-UITEXTFIELDS/Pods-UITEXTFIELDS.release.xcconfig"; sourceTree = "<group>"; };
		B324F06EF4814B334444719D /* Pods-UITEXTFIELDSTests.debug.xcconfig */ = {isa = PBXFileReference; includeInIndex = 1; lastKnownFileType = text.xcconfig; name = "Pods-UITEXTFIELDSTests.debug.xcconfig"; path = "Pods/Target Support Files/Pods-UITEXTFIELDSTests/Pods-UITEXTFIELDSTests.debug.xcconfig"; sourceTree = "<group>"; };
		B4899FA53C56CDCEA616D078 /* Pods_UITEXTFIELDSUITests.framework */ = {isa = PBXFileReference; explicitFileType = wrapper.framework; includeInIndex = 0; path = Pods_UITEXTFIELDSUITests.framework; sourceTree = BUILT_PRODUCTS_DIR; };
		D7E4E3DD5E3EB7519E88784C /* Pods_UITEXTFIELDSTests.framework */ = {isa = PBXFileReference; explicitFileType = wrapper.framework; includeInIndex = 0; path = Pods_UITEXTFIELDSTests.framework; sourceTree = BUILT_PRODUCTS_DIR; };
/* End PBXFileReference section */

/* Begin PBXFrameworksBuildPhase section */
		833BF7F02345EE90001A8315 /* Frameworks */ = {
			isa = PBXFrameworksBuildPhase;
			buildActionMask = 2147483647;
			files = (
				8D795D5A5F889845E2E3F845 /* Pods_UITEXTFIELDS.framework in Frameworks */,
			);
			runOnlyForDeploymentPostprocessing = 0;
		};
		833BF8042345EE95001A8315 /* Frameworks */ = {
			isa = PBXFrameworksBuildPhase;
			buildActionMask = 2147483647;
			files = (
				3AC469BA5E756ABA731B9C57 /* Pods_UITEXTFIELDSTests.framework in Frameworks */,
			);
			runOnlyForDeploymentPostprocessing = 0;
		};
		833BF80F2345EE95001A8315 /* Frameworks */ = {
			isa = PBXFrameworksBuildPhase;
			buildActionMask = 2147483647;
			files = (
				DC628ACB1F76DBE2F45D2805 /* Pods_UITEXTFIELDSUITests.framework in Frameworks */,
			);
			runOnlyForDeploymentPostprocessing = 0;
		};
/* End PBXFrameworksBuildPhase section */

/* Begin PBXGroup section */
		05863F947807B0E45EF4CD5D /* Frameworks */ = {
			isa = PBXGroup;
			children = (
				9C244A14607BBEF934241587 /* Pods_UITEXTFIELDS.framework */,
				D7E4E3DD5E3EB7519E88784C /* Pods_UITEXTFIELDSTests.framework */,
				B4899FA53C56CDCEA616D078 /* Pods_UITEXTFIELDSUITests.framework */,
			);
			name = Frameworks;
			sourceTree = "<group>";
		};
		28F7B52614887F9B11E867A1 /* Pods */ = {
			isa = PBXGroup;
			children = (
				1FE5C910FF19541682F98BCE /* Pods-UITEXTFIELDS.debug.xcconfig */,
				A8754F1FEBFC2A724F20C869 /* Pods-UITEXTFIELDS.release.xcconfig */,
				B324F06EF4814B334444719D /* Pods-UITEXTFIELDSTests.debug.xcconfig */,
				60729953E36A027242514CAE /* Pods-UITEXTFIELDSTests.release.xcconfig */,
				1453A89528F3500780916937 /* Pods-UITEXTFIELDSUITests.debug.xcconfig */,
				08AAEA2E67E67B00765C65E6 /* Pods-UITEXTFIELDSUITests.release.xcconfig */,
			);
			name = Pods;
			sourceTree = "<group>";
		};
		833BF7EA2345EE8F001A8315 = {
			isa = PBXGroup;
			children = (
				833BF7F52345EE90001A8315 /* UITEXTFIELDS */,
				833BF80A2345EE95001A8315 /* UITEXTFIELDSTests */,
				833BF8152345EE95001A8315 /* UITEXTFIELDSUITests */,
				833BF7F42345EE90001A8315 /* Products */,
				28F7B52614887F9B11E867A1 /* Pods */,
				05863F947807B0E45EF4CD5D /* Frameworks */,
			);
			sourceTree = "<group>";
		};
		833BF7F42345EE90001A8315 /* Products */ = {
			isa = PBXGroup;
			children = (
				833BF7F32345EE90001A8315 /* UITEXTFIELDS.app */,
				833BF8072345EE95001A8315 /* UITEXTFIELDSTests.xctest */,
				833BF8122345EE95001A8315 /* UITEXTFIELDSUITests.xctest */,
			);
			name = Products;
			sourceTree = "<group>";
		};
		833BF7F52345EE90001A8315 /* UITEXTFIELDS */ = {
			isa = PBXGroup;
			children = (
				833BF7F62345EE90001A8315 /* AppDelegate.swift */,
				833BF7F82345EE90001A8315 /* ViewController.swift */,
				833BF7FA2345EE90001A8315 /* Main.storyboard */,
				833BF7FD2345EE95001A8315 /* Assets.xcassets */,
				833BF7FF2345EE95001A8315 /* LaunchScreen.storyboard */,
				833BF8022345EE95001A8315 /* Info.plist */,
			);
			path = UITEXTFIELDS;
			sourceTree = "<group>";
		};
		833BF80A2345EE95001A8315 /* UITEXTFIELDSTests */ = {
			isa = PBXGroup;
			children = (
				833BF80B2345EE95001A8315 /* UITEXTFIELDSTests.swift */,
				833BF80D2345EE95001A8315 /* Info.plist */,
			);
			path = UITEXTFIELDSTests;
			sourceTree = "<group>";
		};
		833BF8152345EE95001A8315 /* UITEXTFIELDSUITests */ = {
			isa = PBXGroup;
			children = (
				833BF8162345EE95001A8315 /* UITEXTFIELDSUITests.swift */,
				833BF8182345EE95001A8315 /* Info.plist */,
			);
			path = UITEXTFIELDSUITests;
			sourceTree = "<group>";
		};
/* End PBXGroup section */

/* Begin PBXNativeTarget section */
		833BF7F22345EE90001A8315 /* UITEXTFIELDS */ = {
			isa = PBXNativeTarget;
			buildConfigurationList = 833BF81B2345EE95001A8315 /* Build configuration list for PBXNativeTarget "UITEXTFIELDS" */;
			buildPhases = (
				FF2083A9994120893EBDEEF3 /* [CP] Check Pods Manifest.lock */,
				833BF7EF2345EE90001A8315 /* Sources */,
				833BF7F02345EE90001A8315 /* Frameworks */,
				833BF7F12345EE90001A8315 /* Resources */,
				B41B5725562DF6B76377B267 /* [CP] Embed Pods Frameworks */,
			);
			buildRules = (
			);
			dependencies = (
			);
			name = UITEXTFIELDS;
			productName = UITEXTFIELDS;
			productReference = 833BF7F32345EE90001A8315 /* UITEXTFIELDS.app */;
			productType = "com.apple.product-type.application";
		};
		833BF8062345EE95001A8315 /* UITEXTFIELDSTests */ = {
			isa = PBXNativeTarget;
			buildConfigurationList = 833BF81E2345EE95001A8315 /* Build configuration list for PBXNativeTarget "UITEXTFIELDSTests" */;
			buildPhases = (
				38D9E9E6138E1275A9761190 /* [CP] Check Pods Manifest.lock */,
				833BF8032345EE95001A8315 /* Sources */,
				833BF8042345EE95001A8315 /* Frameworks */,
				833BF8052345EE95001A8315 /* Resources */,
			);
			buildRules = (
			);
			dependencies = (
				833BF8092345EE95001A8315 /* PBXTargetDependency */,
			);
			name = UITEXTFIELDSTests;
			productName = UITEXTFIELDSTests;
			productReference = 833BF8072345EE95001A8315 /* UITEXTFIELDSTests.xctest */;
			productType = "com.apple.product-type.bundle.unit-test";
		};
		833BF8112345EE95001A8315 /* UITEXTFIELDSUITests */ = {
			isa = PBXNativeTarget;
			buildConfigurationList = 833BF8212345EE95001A8315 /* Build configuration list for PBXNativeTarget "UITEXTFIELDSUITests" */;
			buildPhases = (
				9BF08B4CEE73D46EBC899E10 /* [CP] Check Pods Manifest.lock */,
				833BF80E2345EE95001A8315 /* Sources */,
				833BF80F2345EE95001A8315 /* Frameworks */,
				833BF8102345EE95001A8315 /* Resources */,
			);
			buildRules = (
			);
			dependencies = (
				833BF8142345EE95001A8315 /* PBXTargetDependency */,
			);
			name = UITEXTFIELDSUITests;
			productName = UITEXTFIELDSUITests;
			productReference = 833BF8122345EE95001A8315 /* UITEXTFIELDSUITests.xctest */;
			productType = "com.apple.product-type.bundle.ui-testing";
		};
/* End PBXNativeTarget section */

/* Begin PBXProject section */
		833BF7EB2345EE8F001A8315 /* Project object */ = {
			isa = PBXProject;
			attributes = {
				LastSwiftUpdateCheck = 1010;
				LastUpgradeCheck = 1010;
				ORGANIZATIONNAME = "Syed.Reshma Ruksana";
				TargetAttributes = {
					833BF7F22345EE90001A8315 = {
						CreatedOnToolsVersion = 10.1;
					};
					833BF8062345EE95001A8315 = {
						CreatedOnToolsVersion = 10.1;
						TestTargetID = 833BF7F22345EE90001A8315;
					};
					833BF8112345EE95001A8315 = {
						CreatedOnToolsVersion = 10.1;
						TestTargetID = 833BF7F22345EE90001A8315;
					};
				};
			};
			buildConfigurationList = 833BF7EE2345EE8F001A8315 /* Build configuration list for PBXProject "UITEXTFIELDS" */;
			compatibilityVersion = "Xcode 9.3";
			developmentRegion = en;
			hasScannedForEncodings = 0;
			knownRegions = (
				en,
				Base,
			);
			mainGroup = 833BF7EA2345EE8F001A8315;
			productRefGroup = 833BF7F42345EE90001A8315 /* Products */;
			projectDirPath = "";
			projectRoot = "";
			targets = (
				833BF7F22345EE90001A8315 /* UITEXTFIELDS */,
				833BF8062345EE95001A8315 /* UITEXTFIELDSTests */,
				833BF8112345EE95001A8315 /* UITEXTFIELDSUITests */,
			);
		};
/* End PBXProject section */

/* Begin PBXResourcesBuildPhase section */
		833BF7F12345EE90001A8315 /* Resources */ = {
			isa = PBXResourcesBuildPhase;
			buildActionMask = 2147483647;
			files = (
				833BF8012345EE95001A8315 /* LaunchScreen.storyboard in Resources */,
				833BF7FE2345EE95001A8315 /* Assets.xcassets in Resources */,
				833BF7FC2345EE90001A8315 /* Main.storyboard in Resources */,
			);
			runOnlyForDeploymentPostprocessing = 0;
		};
		833BF8052345EE95001A8315 /* Resources */ = {
			isa = PBXResourcesBuildPhase;
			buildActionMask = 2147483647;
			files = (
			);
			runOnlyForDeploymentPostprocessing = 0;
		};
		833BF8102345EE95001A8315 /* Resources */ = {
			isa = PBXResourcesBuildPhase;
			buildActionMask = 2147483647;
			files = (
			);
			runOnlyForDeploymentPostprocessing = 0;
		};
/* End PBXResourcesBuildPhase section */

/* Begin PBXShellScriptBuildPhase section */
		38D9E9E6138E1275A9761190 /* [CP] Check Pods Manifest.lock */ = {
			isa = PBXShellScriptBuildPhase;
			buildActionMask = 2147483647;
			files = (
			);
			inputFileListPaths = (
			);
			inputPaths = (
				"${PODS_PODFILE_DIR_PATH}/Podfile.lock",
				"${PODS_ROOT}/Manifest.lock",
			);
			name = "[CP] Check Pods Manifest.lock";
			outputFileListPaths = (
			);
			outputPaths = (
				"$(DERIVED_FILE_DIR)/Pods-UITEXTFIELDSTests-checkManifestLockResult.txt",
			);
			runOnlyForDeploymentPostprocessing = 0;
			shellPath = /bin/sh;
			shellScript = "diff \"${PODS_PODFILE_DIR_PATH}/Podfile.lock\" \"${PODS_ROOT}/Manifest.lock\" > /dev/null\nif [ $? != 0 ] ; then\n    # print error to STDERR\n    echo \"error: The sandbox is not in sync with the Podfile.lock. Run 'pod install' or update your CocoaPods installation.\" >&2\n    exit 1\nfi\n# This output is used by Xcode 'outputs' to avoid re-running this script phase.\necho \"SUCCESS\" > \"${SCRIPT_OUTPUT_FILE_0}\"\n";
			showEnvVarsInLog = 0;
		};
		9BF08B4CEE73D46EBC899E10 /* [CP] Check Pods Manifest.lock */ = {
			isa = PBXShellScriptBuildPhase;
			buildActionMask = 2147483647;
			files = (
			);
			inputFileListPaths = (
			);
			inputPaths = (
				"${PODS_PODFILE_DIR_PATH}/Podfile.lock",
				"${PODS_ROOT}/Manifest.lock",
			);
			name = "[CP] Check Pods Manifest.lock";
			outputFileListPaths = (
			);
			outputPaths = (
				"$(DERIVED_FILE_DIR)/Pods-UITEXTFIELDSUITests-checkManifestLockResult.txt",
			);
			runOnlyForDeploymentPostprocessing = 0;
			shellPath = /bin/sh;
			shellScript = "diff \"${PODS_PODFILE_DIR_PATH}/Podfile.lock\" \"${PODS_ROOT}/Manifest.lock\" > /dev/null\nif [ $? != 0 ] ; then\n    # print error to STDERR\n    echo \"error: The sandbox is not in sync with the Podfile.lock. Run 'pod install' or update your CocoaPods installation.\" >&2\n    exit 1\nfi\n# This output is used by Xcode 'outputs' to avoid re-running this script phase.\necho \"SUCCESS\" > \"${SCRIPT_OUTPUT_FILE_0}\"\n";
			showEnvVarsInLog = 0;
		};
		B41B5725562DF6B76377B267 /* [CP] Embed Pods Frameworks */ = {
			isa = PBXShellScriptBuildPhase;
			buildActionMask = 2147483647;
			files = (
			);
			inputFileListPaths = (
			);
			inputPaths = (
				"${SRCROOT}/Pods/Target Support Files/Pods-UITEXTFIELDS/Pods-UITEXTFIELDS-frameworks.sh",
				"${BUILT_PRODUCTS_DIR}/IQKeyboardManagerSwift/IQKeyboardManagerSwift.framework",
			);
			name = "[CP] Embed Pods Frameworks";
			outputFileListPaths = (
			);
			outputPaths = (
				"${TARGET_BUILD_DIR}/${FRAMEWORKS_FOLDER_PATH}/IQKeyboardManagerSwift.framework",
			);
			runOnlyForDeploymentPostprocessing = 0;
			shellPath = /bin/sh;
			shellScript = "\"${SRCROOT}/Pods/Target Support Files/Pods-UITEXTFIELDS/Pods-UITEXTFIELDS-frameworks.sh\"\n";
			showEnvVarsInLog = 0;
		};
		FF2083A9994120893EBDEEF3 /* [CP] Check Pods Manifest.lock */ = {
			isa = PBXShellScriptBuildPhase;
			buildActionMask = 2147483647;
			files = (
			);
			inputFileListPaths = (
			);
			inputPaths = (
				"${PODS_PODFILE_DIR_PATH}/Podfile.lock",
				"${PODS_ROOT}/Manifest.lock",
			);
			name = "[CP] Check Pods Manifest.lock";
			outputFileListPaths = (
			);
			outputPaths = (
				"$(DERIVED_FILE_DIR)/Pods-UITEXTFIELDS-checkManifestLockResult.txt",
			);
			runOnlyForDeploymentPostprocessing = 0;
			shellPath = /bin/sh;
			shellScript = "diff \"${PODS_PODFILE_DIR_PATH}/Podfile.lock\" \"${PODS_ROOT}/Manifest.lock\" > /dev/null\nif [ $? != 0 ] ; then\n    # print error to STDERR\n    echo \"error: The sandbox is not in sync with the Podfile.lock. Run 'pod install' or update your CocoaPods installation.\" >&2\n    exit 1\nfi\n# This output is used by Xcode 'outputs' to avoid re-running this script phase.\necho \"SUCCESS\" > \"${SCRIPT_OUTPUT_FILE_0}\"\n";
			showEnvVarsInLog = 0;
		};
/* End PBXShellScriptBuildPhase section */

/* Begin PBXSourcesBuildPhase section */
		833BF7EF2345EE90001A8315 /* Sources */ = {
			isa = PBXSourcesBuildPhase;
			buildActionMask = 2147483647;
			files = (
				833BF7F92345EE90001A8315 /* ViewController.swift in Sources */,
				833BF7F72345EE90001A8315 /* AppDelegate.swift in Sources */,
			);
			runOnlyForDeploymentPostprocessing = 0;
		};
		833BF8032345EE95001A8315 /* Sources */ = {
			isa = PBXSourcesBuildPhase;
			buildActionMask = 2147483647;
			files = (
				833BF80C2345EE95001A8315 /* UITEXTFIELDSTests.swift in Sources */,
			);
			runOnlyForDeploymentPostprocessing = 0;
		};
		833BF80E2345EE95001A8315 /* Sources */ = {
			isa = PBXSourcesBuildPhase;
			buildActionMask = 2147483647;
			files = (
				833BF8172345EE95001A8315 /* UITEXTFIELDSUITests.swift in Sources */,
			);
			runOnlyForDeploymentPostprocessing = 0;
		};
/* End PBXSourcesBuildPhase section */

/* Begin PBXTargetDependency section */
		833BF8092345EE95001A8315 /* PBXTargetDependency */ = {
			isa = PBXTargetDependency;
			target = 833BF7F22345EE90001A8315 /* UITEXTFIELDS */;
			targetProxy = 833BF8082345EE95001A8315 /* PBXContainerItemProxy */;
		};
		833BF8142345EE95001A8315 /* PBXTargetDependency */ = {
			isa = PBXTargetDependency;
			target = 833BF7F22345EE90001A8315 /* UITEXTFIELDS */;
			targetProxy = 833BF8132345EE95001A8315 /* PBXContainerItemProxy */;
		};
/* End PBXTargetDependency section */

/* Begin PBXVariantGroup section */
		833BF7FA2345EE90001A8315 /* Main.storyboard */ = {
			isa = PBXVariantGroup;
			children = (
				833BF7FB2345EE90001A8315 /* Base */,
			);
			name = Main.storyboard;
			sourceTree = "<group>";
		};
		833BF7FF2345EE95001A8315 /* LaunchScreen.storyboard */ = {
			isa = PBXVariantGroup;
			children = (
				833BF8002345EE95001A8315 /* Base */,
			);
			name = LaunchScreen.storyboard;
			sourceTree = "<group>";
		};
/* End PBXVariantGroup section */

/* Begin XCBuildConfiguration section */
		833BF8192345EE95001A8315 /* Debug */ = {
			isa = XCBuildConfiguration;
			buildSettings = {
				ALWAYS_SEARCH_USER_PATHS = NO;
				CLANG_ANALYZER_NONNULL = YES;
				CLANG_ANALYZER_NUMBER_OBJECT_CONVERSION = YES_AGGRESSIVE;
				CLANG_CXX_LANGUAGE_STANDARD = "gnu++14";
				CLANG_CXX_LIBRARY = "libc++";
				CLANG_ENABLE_MODULES = YES;
				CLANG_ENABLE_OBJC_ARC = YES;
				CLANG_ENABLE_OBJC_WEAK = YES;
				CLANG_WARN_BLOCK_CAPTURE_AUTORELEASING = YES;
				CLANG_WARN_BOOL_CONVERSION = YES;
				CLANG_WARN_COMMA = YES;
				CLANG_WARN_CONSTANT_CONVERSION = YES;
				CLANG_WARN_DEPRECATED_OBJC_IMPLEMENTATIONS = YES;
				CLANG_WARN_DIRECT_OBJC_ISA_USAGE = YES_ERROR;
				CLANG_WARN_DOCUMENTATION_COMMENTS = YES;
				CLANG_WARN_EMPTY_BODY = YES;
				CLANG_WARN_ENUM_CONVERSION = YES;
				CLANG_WARN_INFINITE_RECURSION = YES;
				CLANG_WARN_INT_CONVERSION = YES;
				CLANG_WARN_NON_LITERAL_NULL_CONVERSION = YES;
				CLANG_WARN_OBJC_IMPLICIT_RETAIN_SELF = YES;
				CLANG_WARN_OBJC_LITERAL_CONVERSION = YES;
				CLANG_WARN_OBJC_ROOT_CLASS = YES_ERROR;
				CLANG_WARN_RANGE_LOOP_ANALYSIS = YES;
				CLANG_WARN_STRICT_PROTOTYPES = YES;
				CLANG_WARN_SUSPICIOUS_MOVE = YES;
				CLANG_WARN_UNGUARDED_AVAILABILITY = YES_AGGRESSIVE;
				CLANG_WARN_UNREACHABLE_CODE = YES;
				CLANG_WARN__DUPLICATE_METHOD_MATCH = YES;
				CODE_SIGN_IDENTITY = "iPhone Developer";
				COPY_PHASE_STRIP = NO;
				DEBUG_INFORMATION_FORMAT = dwarf;
				ENABLE_STRICT_OBJC_MSGSEND = YES;
				ENABLE_TESTABILITY = YES;
				GCC_C_LANGUAGE_STANDARD = gnu11;
				GCC_DYNAMIC_NO_PIC = NO;
				GCC_NO_COMMON_BLOCKS = YES;
				GCC_OPTIMIZATION_LEVEL = 0;
				GCC_PREPROCESSOR_DEFINITIONS = (
					"DEBUG=1",
					"$(inherited)",
				);
				GCC_WARN_64_TO_32_BIT_CONVERSION = YES;
				GCC_WARN_ABOUT_RETURN_TYPE = YES_ERROR;
				GCC_WARN_UNDECLARED_SELECTOR = YES;
				GCC_WARN_UNINITIALIZED_AUTOS = YES_AGGRESSIVE;
				GCC_WARN_UNUSED_FUNCTION = YES;
				GCC_WARN_UNUSED_VARIABLE = YES;
				IPHONEOS_DEPLOYMENT_TARGET = 12.1;
				MTL_ENABLE_DEBUG_INFO = INCLUDE_SOURCE;
				MTL_FAST_MATH = YES;
				ONLY_ACTIVE_ARCH = YES;
				SDKROOT = iphoneos;
				SWIFT_ACTIVE_COMPILATION_CONDITIONS = DEBUG;
				SWIFT_OPTIMIZATION_LEVEL = "-Onone";
			};
			name = Debug;
		};
		833BF81A2345EE95001A8315 /* Release */ = {
			isa = XCBuildConfiguration;
			buildSettings = {
				ALWAYS_SEARCH_USER_PATHS = NO;
				CLANG_ANALYZER_NONNULL = YES;
				CLANG_ANALYZER_NUMBER_OBJECT_CONVERSION = YES_AGGRESSIVE;
				CLANG_CXX_LANGUAGE_STANDARD = "gnu++14";
				CLANG_CXX_LIBRARY = "libc++";
				CLANG_ENABLE_MODULES = YES;
				CLANG_ENABLE_OBJC_ARC = YES;
				CLANG_ENABLE_OBJC_WEAK = YES;
				CLANG_WARN_BLOCK_CAPTURE_AUTORELEASING = YES;
				CLANG_WARN_BOOL_CONVERSION = YES;
				CLANG_WARN_COMMA = YES;
				CLANG_WARN_CONSTANT_CONVERSION = YES;
				CLANG_WARN_DEPRECATED_OBJC_IMPLEMENTATIONS = YES;
				CLANG_WARN_DIRECT_OBJC_ISA_USAGE = YES_ERROR;
				CLANG_WARN_DOCUMENTATION_COMMENTS = YES;
				CLANG_WARN_EMPTY_BODY = YES;
				CLANG_WARN_ENUM_CONVERSION = YES;
				CLANG_WARN_INFINITE_RECURSION = YES;
				CLANG_WARN_INT_CONVERSION = YES;
				CLANG_WARN_NON_LITERAL_NULL_CONVERSION = YES;
				CLANG_WARN_OBJC_IMPLICIT_RETAIN_SELF = YES;
				CLANG_WARN_OBJC_LITERAL_CONVERSION = YES;
				CLANG_WARN_OBJC_ROOT_CLASS = YES_ERROR;
				CLANG_WARN_RANGE_LOOP_ANALYSIS = YES;
				CLANG_WARN_STRICT_PROTOTYPES = YES;
				CLANG_WARN_SUSPICIOUS_MOVE = YES;
				CLANG_WARN_UNGUARDED_AVAILABILITY = YES_AGGRESSIVE;
				CLANG_WARN_UNREACHABLE_CODE = YES;
				CLANG_WARN__DUPLICATE_METHOD_MATCH = YES;
				CODE_SIGN_IDENTITY = "iPhone Developer";
				COPY_PHASE_STRIP = NO;
				DEBUG_INFORMATION_FORMAT = "dwarf-with-dsym";
				ENABLE_NS_ASSERTIONS = NO;
				ENABLE_STRICT_OBJC_MSGSEND = YES;
				GCC_C_LANGUAGE_STANDARD = gnu11;
				GCC_NO_COMMON_BLOCKS = YES;
				GCC_WARN_64_TO_32_BIT_CONVERSION = YES;
				GCC_WARN_ABOUT_RETURN_TYPE = YES_ERROR;
				GCC_WARN_UNDECLARED_SELECTOR = YES;
				GCC_WARN_UNINITIALIZED_AUTOS = YES_AGGRESSIVE;
				GCC_WARN_UNUSED_FUNCTION = YES;
				GCC_WARN_UNUSED_VARIABLE = YES;
				IPHONEOS_DEPLOYMENT_TARGET = 12.1;
				MTL_ENABLE_DEBUG_INFO = NO;
				MTL_FAST_MATH = YES;
				SDKROOT = iphoneos;
				SWIFT_COMPILATION_MODE = wholemodule;
				SWIFT_OPTIMIZATION_LEVEL = "-O";
				VALIDATE_PRODUCT = YES;
			};
			name = Release;
		};
		833BF81C2345EE95001A8315 /* Debug */ = {
			isa = XCBuildConfiguration;
			baseConfigurationReference = 1FE5C910FF19541682F98BCE /* Pods-UITEXTFIELDS.debug.xcconfig */;
			buildSettings = {
				ASSETCATALOG_COMPILER_APPICON_NAME = AppIcon;
				CODE_SIGN_STYLE = Automatic;
				INFOPLIST_FILE = UITEXTFIELDS/Info.plist;
				LD_RUNPATH_SEARCH_PATHS = (
					"$(inherited)",
					"@executable_path/Frameworks",
				);
				PRODUCT_BUNDLE_IDENTIFIER = BRN.UITEXTFIELDS;
				PRODUCT_NAME = "$(TARGET_NAME)";
				SWIFT_VERSION = 4.2;
				TARGETED_DEVICE_FAMILY = "1,2";
			};
			name = Debug;
		};
		833BF81D2345EE95001A8315 /* Release */ = {
			isa = XCBuildConfiguration;
			baseConfigurationReference = A8754F1FEBFC2A724F20C869 /* Pods-UITEXTFIELDS.release.xcconfig */;
			buildSettings = {
				ASSETCATALOG_COMPILER_APPICON_NAME = AppIcon;
				CODE_SIGN_STYLE = Automatic;
				INFOPLIST_FILE = UITEXTFIELDS/Info.plist;
				LD_RUNPATH_SEARCH_PATHS = (
					"$(inherited)",
					"@executable_path/Frameworks",
				);
				PRODUCT_BUNDLE_IDENTIFIER = BRN.UITEXTFIELDS;
				PRODUCT_NAME = "$(TARGET_NAME)";
				SWIFT_VERSION = 4.2;
				TARGETED_DEVICE_FAMILY = "1,2";
			};
			name = Release;
		};
		833BF81F2345EE95001A8315 /* Debug */ = {
			isa = XCBuildConfiguration;
			baseConfigurationReference = B324F06EF4814B334444719D /* Pods-UITEXTFIELDSTests.debug.xcconfig */;
			buildSettings = {
				ALWAYS_EMBED_SWIFT_STANDARD_LIBRARIES = YES;
				BUNDLE_LOADER = "$(TEST_HOST)";
				CODE_SIGN_STYLE = Automatic;
				INFOPLIST_FILE = UITEXTFIELDSTests/Info.plist;
				LD_RUNPATH_SEARCH_PATHS = (
					"$(inherited)",
					"@executable_path/Frameworks",
					"@loader_path/Frameworks",
				);
				PRODUCT_BUNDLE_IDENTIFIER = BRN.UITEXTFIELDSTests;
				PRODUCT_NAME = "$(TARGET_NAME)";
				SWIFT_VERSION = 4.2;
				TARGETED_DEVICE_FAMILY = "1,2";
				TEST_HOST = "$(BUILT_PRODUCTS_DIR)/UITEXTFIELDS.app/UITEXTFIELDS";
			};
			name = Debug;
		};
		833BF8202345EE95001A8315 /* Release */ = {
			isa = XCBuildConfiguration;
			baseConfigurationReference = 60729953E36A027242514CAE /* Pods-UITEXTFIELDSTests.release.xcconfig */;
			buildSettings = {
				ALWAYS_EMBED_SWIFT_STANDARD_LIBRARIES = YES;
				BUNDLE_LOADER = "$(TEST_HOST)";
				CODE_SIGN_STYLE = Automatic;
				INFOPLIST_FILE = UITEXTFIELDSTests/Info.plist;
				LD_RUNPATH_SEARCH_PATHS = (
					"$(inherited)",
					"@executable_path/Frameworks",
					"@loader_path/Frameworks",
				);
				PRODUCT_BUNDLE_IDENTIFIER = BRN.UITEXTFIELDSTests;
				PRODUCT_NAME = "$(TARGET_NAME)";
				SWIFT_VERSION = 4.2;
				TARGETED_DEVICE_FAMILY = "1,2";
				TEST_HOST = "$(BUILT_PRODUCTS_DIR)/UITEXTFIELDS.app/UITEXTFIELDS";
			};
			name = Release;
		};
		833BF8222345EE95001A8315 /* Debug */ = {
			isa = XCBuildConfiguration;
			baseConfigurationReference = 1453A89528F3500780916937 /* Pods-UITEXTFIELDSUITests.debug.xcconfig */;
			buildSettings = {
				ALWAYS_EMBED_SWIFT_STANDARD_LIBRARIES = YES;
				CODE_SIGN_STYLE = Automatic;
				INFOPLIST_FILE = UITEXTFIELDSUITests/Info.plist;
				LD_RUNPATH_SEARCH_PATHS = (
					"$(inherited)",
					"@executable_path/Frameworks",
					"@loader_path/Frameworks",
				);
				PRODUCT_BUNDLE_IDENTIFIER = BRN.UITEXTFIELDSUITests;
				PRODUCT_NAME = "$(TARGET_NAME)";
				SWIFT_VERSION = 4.2;
				TARGETED_DEVICE_FAMILY = "1,2";
				TEST_TARGET_NAME = UITEXTFIELDS;
			};
			name = Debug;
		};
		833BF8232345EE95001A8315 /* Release */ = {
			isa = XCBuildConfiguration;
			baseConfigurationReference = 08AAEA2E67E67B00765C65E6 /* Pods-UITEXTFIELDSUITests.release.xcconfig */;
			buildSettings = {
				ALWAYS_EMBED_SWIFT_STANDARD_LIBRARIES = YES;
				CODE_SIGN_STYLE = Automatic;
				INFOPLIST_FILE = UITEXTFIELDSUITests/Info.plist;
				LD_RUNPATH_SEARCH_PATHS = (
					"$(inherited)",
					"@executable_path/Frameworks",
					"@loader_path/Frameworks",
				);
				PRODUCT_BUNDLE_IDENTIFIER = BRN.UITEXTFIELDSUITests;
				PRODUCT_NAME = "$(TARGET_NAME)";
				SWIFT_VERSION = 4.2;
				TARGETED_DEVICE_FAMILY = "1,2";
				TEST_TARGET_NAME = UITEXTFIELDS;
			};
			name = Release;
		};
/* End XCBuildConfiguration section */

/* Begin XCConfigurationList section */
		833BF7EE2345EE8F001A8315 /* Build configuration list for PBXProject "UITEXTFIELDS" */ = {
			isa = XCConfigurationList;
			buildConfigurations = (
				833BF8192345EE95001A8315 /* Debug */,
				833BF81A2345EE95001A8315 /* Release */,
			);
			defaultConfigurationIsVisible = 0;
			defaultConfigurationName = Release;
		};
		833BF81B2345EE95001A8315 /* Build configuration list for PBXNativeTarget "UITEXTFIELDS" */ = {
			isa = XCConfigurationList;
			buildConfigurations = (
				833BF81C2345EE95001A8315 /* Debug */,
				833BF81D2345EE95001A8315 /* Release */,
			);
			defaultConfigurationIsVisible = 0;
			defaultConfigurationName = Release;
		};
		833BF81E2345EE95001A8315 /* Build configuration list for PBXNativeTarget "UITEXTFIELDSTests" */ = {
			isa = XCConfigurationList;
			buildConfigurations = (
				833BF81F2345EE95001A8315 /* Debug */,
				833BF8202345EE95001A8315 /* Release */,
			);
			defaultConfigurationIsVisible = 0;
			defaultConfigurationName = Release;
		};
		833BF8212345EE95001A8315 /* Build configuration list for PBXNativeTarget "UITEXTFIELDSUITests" */ = {
			isa = XCConfigurationList;
			buildConfigurations = (
				833BF8222345EE95001A8315 /* Debug */,
				833BF8232345EE95001A8315 /* Release */,
			);
			defaultConfigurationIsVisible = 0;
			defaultConfigurationName = Release;
		};
/* End XCConfigurationList section */
	};
	rootObject = 833BF7EB2345EE8F001A8315 /* Project object */;
}
